
Microsoft Visual Studio Solution File, Format Version 11.00
# Visual Studio 2010
Project("{FAE04EC0-301F-11D3-BF4B-00C04F79EFBC}") = "WcfService1", "WcfService1\WcfService1.csproj", "{45508BE9-67D8-426F-9E41-2418E294F42F}"
EndProject
Global
	GlobalSection(SolutionConfigurationPlatforms) = preSolution
		Debug|Any CPU = Debug|Any CPU
		Release|Any CPU = Release|Any CPU
	EndGlobalSection
	GlobalSection(ProjectConfigurationPlatforms) = postSolution
		{45508BE9-67D8-426F-9E41-2418E294F42F}.Debug|Any CPU.ActiveCfg = Debug|Any CPU
		{45508BE9-67D8-426F-9E41-2418E294F42F}.Debug|Any CPU.Build.0 = Debug|Any CPU
		{45508BE9-67D8-426F-9E41-2418E294F42F}.Release|Any CPU.ActiveCfg = Release|Any CPU
		{45508BE9-67D8-426F-9E41-2418E294F42F}.Release|Any CPU.Build.0 = Release|Any CPU
	EndGlobalSection
	GlobalSection(SolutionProperties) = preSolution
		HideSolutionNode = FALSE
	EndGlobalSection
EndGlobal
